// !$*UTF8*$!
{
	archiveVersion = 1;
	classes = {
	};
	objectVersion = 50;
	objects = {

/* Begin PBXBuildFile section */
		61557DB9253B6E930053FF89 /* AppDelegate.swift in Sources */ = {isa = PBXBuildFile; fileRef = 61557DB8253B6E930053FF89 /* AppDelegate.swift */; };
		61557DBB253B6E930053FF89 /* SceneDelegate.swift in Sources */ = {isa = PBXBuildFile; fileRef = 61557DBA253B6E930053FF89 /* SceneDelegate.swift */; };
		61557DBD253B6E930053FF89 /* ContentView.swift in Sources */ = {isa = PBXBuildFile; fileRef = 61557DBC253B6E930053FF89 /* ContentView.swift */; };
		61557DBF253B6E940053FF89 /* Assets.xcassets in Resources */ = {isa = PBXBuildFile; fileRef = 61557DBE253B6E940053FF89 /* Assets.xcassets */; };
		61557DC2253B6E940053FF89 /* Preview Assets.xcassets in Resources */ = {isa = PBXBuildFile; fileRef = 61557DC1253B6E940053FF89 /* Preview Assets.xcassets */; };
		61557DC5253B6E940053FF89 /* LaunchScreen.storyboard in Resources */ = {isa = PBXBuildFile; fileRef = 61557DC3253B6E940053FF89 /* LaunchScreen.storyboard */; };
		61557DD0253B6E940053FF89 /* UdderTests.swift in Sources */ = {isa = PBXBuildFile; fileRef = 61557DCF253B6E940053FF89 /* UdderTests.swift */; };
		61557DDB253B6E950053FF89 /* UdderUITests.swift in Sources */ = {isa = PBXBuildFile; fileRef = 61557DDA253B6E950053FF89 /* UdderUITests.swift */; };
/* End PBXBuildFile section */

/* Begin PBXContainerItemProxy section */
		61557DCC253B6E940053FF89 /* PBXContainerItemProxy */ = {
			isa = PBXContainerItemProxy;
			containerPortal = 61557DAD253B6E930053FF89 /* Project object */;
			proxyType = 1;
			remoteGlobalIDString = 61557DB4253B6E930053FF89;
			remoteInfo = Udder;
		};
		61557DD7253B6E950053FF89 /* PBXContainerItemProxy */ = {
			isa = PBXContainerItemProxy;
			containerPortal = 61557DAD253B6E930053FF89 /* Project object */;
			proxyType = 1;
			remoteGlobalIDString = 61557DB4253B6E930053FF89;
			remoteInfo = Udder;
		};
/* End PBXContainerItemProxy section */

/* Begin PBXFileReference section */
		61557DB5253B6E930053FF89 /* Udder.app */ = {isa = PBXFileReference; explicitFileType = wrapper.application; includeInIndex = 0; path = Udder.app; sourceTree = BUILT_PRODUCTS_DIR; };
		61557DB8253B6E930053FF89 /* AppDelegate.swift */ = {isa = PBXFileReference; lastKnownFileType = sourcecode.swift; path = AppDelegate.swift; sourceTree = "<group>"; };
		61557DBA253B6E930053FF89 /* SceneDelegate.swift */ = {isa = PBXFileReference; lastKnownFileType = sourcecode.swift; path = SceneDelegate.swift; sourceTree = "<group>"; };
		61557DBC253B6E930053FF89 /* ContentView.swift */ = {isa = PBXFileReference; lastKnownFileType = sourcecode.swift; path = ContentView.swift; sourceTree = "<group>"; };
		61557DBE253B6E940053FF89 /* Assets.xcassets */ = {isa = PBXFileReference; lastKnownFileType = folder.assetcatalog; path = Assets.xcassets; sourceTree = "<group>"; };
		61557DC1253B6E940053FF89 /* Preview Assets.xcassets */ = {isa = PBXFileReference; lastKnownFileType = folder.assetcatalog; path = "Preview Assets.xcassets"; sourceTree = "<group>"; };
		61557DC4253B6E940053FF89 /* Base */ = {isa = PBXFileReference; lastKnownFileType = file.storyboard; name = Base; path = Base.lproj/LaunchScreen.storyboard; sourceTree = "<group>"; };
		61557DC6253B6E940053FF89 /* Info.plist */ = {isa = PBXFileReference; lastKnownFileType = text.plist.xml; path = Info.plist; sourceTree = "<group>"; };
		61557DCB253B6E940053FF89 /* UdderTests.xctest */ = {isa = PBXFileReference; explicitFileType = wrapper.cfbundle; includeInIndex = 0; path = UdderTests.xctest; sourceTree = BUILT_PRODUCTS_DIR; };
		61557DCF253B6E940053FF89 /* UdderTests.swift */ = {isa = PBXFileReference; lastKnownFileType = sourcecode.swift; path = UdderTests.swift; sourceTree = "<group>"; };
		61557DD1253B6E940053FF89 /* Info.plist */ = {isa = PBXFileReference; lastKnownFileType = text.plist.xml; path = Info.plist; sourceTree = "<group>"; };
		61557DD6253B6E950053FF89 /* UdderUITests.xctest */ = {isa = PBXFileReference; explicitFileType = wrapper.cfbundle; includeInIndex = 0; path = UdderUITests.xctest; sourceTree = BUILT_PRODUCTS_DIR; };
		61557DDA253B6E950053FF89 /* UdderUITests.swift */ = {isa = PBXFileReference; lastKnownFileType = sourcecode.swift; path = UdderUITests.swift; sourceTree = "<group>"; };
		61557DDC253B6E950053FF89 /* Info.plist */ = {isa = PBXFileReference; lastKnownFileType = text.plist.xml; path = Info.plist; sourceTree = "<group>"; };
/* End PBXFileReference section */

/* Begin PBXFrameworksBuildPhase section */
		61557DB2253B6E930053FF89 /* Frameworks */ = {
			isa = PBXFrameworksBuildPhase;
			buildActionMask = 2147483647;
			files = (
			);
			runOnlyForDeploymentPostprocessing = 0;
		};
		61557DC8253B6E940053FF89 /* Frameworks */ = {
			isa = PBXFrameworksBuildPhase;
			buildActionMask = 2147483647;
			files = (
			);
			runOnlyForDeploymentPostprocessing = 0;
		};
		61557DD3253B6E950053FF89 /* Frameworks */ = {
			isa = PBXFrameworksBuildPhase;
			buildActionMask = 2147483647;
			files = (
			);
			runOnlyForDeploymentPostprocessing = 0;
		};
/* End PBXFrameworksBuildPhase section */

/* Begin PBXGroup section */
		61557DAC253B6E930053FF89 = {
			isa = PBXGroup;
			children = (
				61557DB7253B6E930053FF89 /* Udder */,
				61557DCE253B6E940053FF89 /* UdderTests */,
				61557DD9253B6E950053FF89 /* UdderUITests */,
				61557DB6253B6E930053FF89 /* Products */,
			);
			sourceTree = "<group>";
		};
		61557DB6253B6E930053FF89 /* Products */ = {
			isa = PBXGroup;
			children = (
				61557DB5253B6E930053FF89 /* Udder.app */,
				61557DCB253B6E940053FF89 /* UdderTests.xctest */,
				61557DD6253B6E950053FF89 /* UdderUITests.xctest */,
			);
			name = Products;
			sourceTree = "<group>";
		};
		61557DB7253B6E930053FF89 /* Udder */ = {
			isa = PBXGroup;
			children = (
				61557DB8253B6E930053FF89 /* AppDelegate.swift */,
				61557DBA253B6E930053FF89 /* SceneDelegate.swift */,
				61557DBC253B6E930053FF89 /* ContentView.swift */,
				61557DBE253B6E940053FF89 /* Assets.xcassets */,
				61557DC3253B6E940053FF89 /* LaunchScreen.storyboard */,
				61557DC6253B6E940053FF89 /* Info.plist */,
				61557DC0253B6E940053FF89 /* Preview Content */,
			);
			path = Udder;
			sourceTree = "<group>";
		};
		61557DC0253B6E940053FF89 /* Preview Content */ = {
			isa = PBXGroup;
			children = (
				61557DC1253B6E940053FF89 /* Preview Assets.xcassets */,
			);
			path = "Preview Content";
			sourceTree = "<group>";
		};
		61557DCE253B6E940053FF89 /* UdderTests */ = {
			isa = PBXGroup;
			children = (
				61557DCF253B6E940053FF89 /* UdderTests.swift */,
				61557DD1253B6E940053FF89 /* Info.plist */,
			);
			path = UdderTests;
			sourceTree = "<group>";
		};
		61557DD9253B6E950053FF89 /* UdderUITests */ = {
			isa = PBXGroup;
			children = (
				61557DDA253B6E950053FF89 /* UdderUITests.swift */,
				61557DDC253B6E950053FF89 /* Info.plist */,
			);
			path = UdderUITests;
			sourceTree = "<group>";
		};
/* End PBXGroup section */

/* Begin PBXNativeTarget section */
		61557DB4253B6E930053FF89 /* Udder */ = {
			isa = PBXNativeTarget;
			buildConfigurationList = 61557DDF253B6E950053FF89 /* Build configuration list for PBXNativeTarget "Udder" */;
			buildPhases = (
				61557DB1253B6E930053FF89 /* Sources */,
				61557DB2253B6E930053FF89 /* Frameworks */,
				61557DB3253B6E930053FF89 /* Resources */,
			);
			buildRules = (
			);
			dependencies = (
			);
			name = Udder;
			productName = Udder;
			productReference = 61557DB5253B6E930053FF89 /* Udder.app */;
			productType = "com.apple.product-type.application";
		};
		61557DCA253B6E940053FF89 /* UdderTests */ = {
			isa = PBXNativeTarget;
			buildConfigurationList = 61557DE2253B6E950053FF89 /* Build configuration list for PBXNativeTarget "UdderTests" */;
			buildPhases = (
				61557DC7253B6E940053FF89 /* Sources */,
				61557DC8253B6E940053FF89 /* Frameworks */,
				61557DC9253B6E940053FF89 /* Resources */,
			);
			buildRules = (
			);
			dependencies = (
				61557DCD253B6E940053FF89 /* PBXTargetDependency */,
			);
			name = UdderTests;
			productName = UdderTests;
			productReference = 61557DCB253B6E940053FF89 /* UdderTests.xctest */;
			productType = "com.apple.product-type.bundle.unit-test";
		};
		61557DD5253B6E950053FF89 /* UdderUITests */ = {
			isa = PBXNativeTarget;
			buildConfigurationList = 61557DE5253B6E950053FF89 /* Build configuration list for PBXNativeTarget "UdderUITests" */;
			buildPhases = (
				61557DD2253B6E950053FF89 /* Sources */,
				61557DD3253B6E950053FF89 /* Frameworks */,
				61557DD4253B6E950053FF89 /* Resources */,
			);
			buildRules = (
			);
			dependencies = (
				61557DD8253B6E950053FF89 /* PBXTargetDependency */,
			);
			name = UdderUITests;
			productName = UdderUITests;
			productReference = 61557DD6253B6E950053FF89 /* UdderUITests.xctest */;
			productType = "com.apple.product-type.bundle.ui-testing";
		};
/* End PBXNativeTarget section */

/* Begin PBXProject section */
		61557DAD253B6E930053FF89 /* Project object */ = {
			isa = PBXProject;
			attributes = {
				LastSwiftUpdateCheck = 1200;
				LastUpgradeCheck = 1200;
				TargetAttributes = {
					61557DB4253B6E930053FF89 = {
						CreatedOnToolsVersion = 12.0.1;
					};
					61557DCA253B6E940053FF89 = {
						CreatedOnToolsVersion = 12.0.1;
						TestTargetID = 61557DB4253B6E930053FF89;
					};
					61557DD5253B6E950053FF89 = {
						CreatedOnToolsVersion = 12.0.1;
						TestTargetID = 61557DB4253B6E930053FF89;
					};
				};
			};
			buildConfigurationList = 61557DB0253B6E930053FF89 /* Build configuration list for PBXProject "Udder" */;
			compatibilityVersion = "Xcode 9.3";
			developmentRegion = en;
			hasScannedForEncodings = 0;
			knownRegions = (
				en,
				Base,
			);
			mainGroup = 61557DAC253B6E930053FF89;
			productRefGroup = 61557DB6253B6E930053FF89 /* Products */;
			projectDirPath = "";
			projectRoot = "";
			targets = (
				61557DB4253B6E930053FF89 /* Udder */,
				61557DCA253B6E940053FF89 /* UdderTests */,
				61557DD5253B6E950053FF89 /* UdderUITests */,
			);
		};
/* End PBXProject section */

/* Begin PBXResourcesBuildPhase section */
		61557DB3253B6E930053FF89 /* Resources */ = {
			isa = PBXResourcesBuildPhase;
			buildActionMask = 2147483647;
			files = (
				61557DC5253B6E940053FF89 /* LaunchScreen.storyboard in Resources */,
				61557DC2253B6E940053FF89 /* Preview Assets.xcassets in Resources */,
				61557DBF253B6E940053FF89 /* Assets.xcassets in Resources */,
			);
			runOnlyForDeploymentPostprocessing = 0;
		};
		61557DC9253B6E940053FF89 /* Resources */ = {
			isa = PBXResourcesBuildPhase;
			buildActionMask = 2147483647;
			files = (
			);
			runOnlyForDeploymentPostprocessing = 0;
		};
		61557DD4253B6E950053FF89 /* Resources */ = {
			isa = PBXResourcesBuildPhase;
			buildActionMask = 2147483647;
			files = (
			);
			runOnlyForDeploymentPostprocessing = 0;
		};
/* End PBXResourcesBuildPhase section */

/* Begin PBXSourcesBuildPhase section */
		61557DB1253B6E930053FF89 /* Sources */ = {
			isa = PBXSourcesBuildPhase;
			buildActionMask = 2147483647;
			files = (
				61557DB9253B6E930053FF89 /* AppDelegate.swift in Sources */,
				61557DBB253B6E930053FF89 /* SceneDelegate.swift in Sources */,
				61557DBD253B6E930053FF89 /* ContentView.swift in Sources */,
			);
			runOnlyForDeploymentPostprocessing = 0;
		};
		61557DC7253B6E940053FF89 /* Sources */ = {
			isa = PBXSourcesBuildPhase;
			buildActionMask = 2147483647;
			files = (
				61557DD0253B6E940053FF89 /* UdderTests.swift in Sources */,
			);
			runOnlyForDeploymentPostprocessing = 0;
		};
		61557DD2253B6E950053FF89 /* Sources */ = {
			isa = PBXSourcesBuildPhase;
			buildActionMask = 2147483647;
			files = (
				61557DDB253B6E950053FF89 /* UdderUITests.swift in Sources */,
			);
			runOnlyForDeploymentPostprocessing = 0;
		};
/* End PBXSourcesBuildPhase section */

/* Begin PBXTargetDependency section */
		61557DCD253B6E940053FF89 /* PBXTargetDependency */ = {
			isa = PBXTargetDependency;
			target = 61557DB4253B6E930053FF89 /* Udder */;
			targetProxy = 61557DCC253B6E940053FF89 /* PBXContainerItemProxy */;
		};
		61557DD8253B6E950053FF89 /* PBXTargetDependency */ = {
			isa = PBXTargetDependency;
			target = 61557DB4253B6E930053FF89 /* Udder */;
			targetProxy = 61557DD7253B6E950053FF89 /* PBXContainerItemProxy */;
		};
/* End PBXTargetDependency section */

/* Begin PBXVariantGroup section */
		61557DC3253B6E940053FF89 /* LaunchScreen.storyboard */ = {
			isa = PBXVariantGroup;
			children = (
				61557DC4253B6E940053FF89 /* Base */,
			);
			name = LaunchScreen.storyboard;
			sourceTree = "<group>";
		};
/* End PBXVariantGroup section */

/* Begin XCBuildConfiguration section */
		61557DDD253B6E950053FF89 /* Debug */ = {
			isa = XCBuildConfiguration;
			buildSettings = {
				ALWAYS_SEARCH_USER_PATHS = NO;
				CLANG_ANALYZER_NONNULL = YES;
				CLANG_ANALYZER_NUMBER_OBJECT_CONVERSION = YES_AGGRESSIVE;
				CLANG_CXX_LANGUAGE_STANDARD = "gnu++14";
				CLANG_CXX_LIBRARY = "libc++";
				CLANG_ENABLE_MODULES = YES;
				CLANG_ENABLE_OBJC_ARC = YES;
				CLANG_ENABLE_OBJC_WEAK = YES;
				CLANG_WARN_BLOCK_CAPTURE_AUTORELEASING = YES;
				CLANG_WARN_BOOL_CONVERSION = YES;
				CLANG_WARN_COMMA = YES;
				CLANG_WARN_CONSTANT_CONVERSION = YES;
				CLANG_WARN_DEPRECATED_OBJC_IMPLEMENTATIONS = YES;
				CLANG_WARN_DIRECT_OBJC_ISA_USAGE = YES_ERROR;
				CLANG_WARN_DOCUMENTATION_COMMENTS = YES;
				CLANG_WARN_EMPTY_BODY = YES;
				CLANG_WARN_ENUM_CONVERSION = YES;
				CLANG_WARN_INFINITE_RECURSION = YES;
				CLANG_WARN_INT_CONVERSION = YES;
				CLANG_WARN_NON_LITERAL_NULL_CONVERSION = YES;
				CLANG_WARN_OBJC_IMPLICIT_RETAIN_SELF = YES;
				CLANG_WARN_OBJC_LITERAL_CONVERSION = YES;
				CLANG_WARN_OBJC_ROOT_CLASS = YES_ERROR;
				CLANG_WARN_QUOTED_INCLUDE_IN_FRAMEWORK_HEADER = YES;
				CLANG_WARN_RANGE_LOOP_ANALYSIS = YES;
				CLANG_WARN_STRICT_PROTOTYPES = YES;
				CLANG_WARN_SUSPICIOUS_MOVE = YES;
				CLANG_WARN_UNGUARDED_AVAILABILITY = YES_AGGRESSIVE;
				CLANG_WARN_UNREACHABLE_CODE = YES;
				CLANG_WARN__DUPLICATE_METHOD_MATCH = YES;
				COPY_PHASE_STRIP = NO;
				DEBUG_INFORMATION_FORMAT = dwarf;
				ENABLE_STRICT_OBJC_MSGSEND = YES;
				ENABLE_TESTABILITY = YES;
				GCC_C_LANGUAGE_STANDARD = gnu11;
				GCC_DYNAMIC_NO_PIC = NO;
				GCC_NO_COMMON_BLOCKS = YES;
				GCC_OPTIMIZATION_LEVEL = 0;
				GCC_PREPROCESSOR_DEFINITIONS = (
					"DEBUG=1",
					"$(inherited)",
				);
				GCC_WARN_64_TO_32_BIT_CONVERSION = YES;
				GCC_WARN_ABOUT_RETURN_TYPE = YES_ERROR;
				GCC_WARN_UNDECLARED_SELECTOR = YES;
				GCC_WARN_UNINITIALIZED_AUTOS = YES_AGGRESSIVE;
				GCC_WARN_UNUSED_FUNCTION = YES;
				GCC_WARN_UNUSED_VARIABLE = YES;
				IPHONEOS_DEPLOYMENT_TARGET = 14.0;
				MTL_ENABLE_DEBUG_INFO = INCLUDE_SOURCE;
				MTL_FAST_MATH = YES;
				ONLY_ACTIVE_ARCH = YES;
				SDKROOT = iphoneos;
				SWIFT_ACTIVE_COMPILATION_CONDITIONS = DEBUG;
				SWIFT_OPTIMIZATION_LEVEL = "-Onone";
			};
			name = Debug;
		};
		61557DDE253B6E950053FF89 /* Release */ = {
			isa = XCBuildConfiguration;
			buildSettings = {
				ALWAYS_SEARCH_USER_PATHS = NO;
				CLANG_ANALYZER_NONNULL = YES;
				CLANG_ANALYZER_NUMBER_OBJECT_CONVERSION = YES_AGGRESSIVE;
				CLANG_CXX_LANGUAGE_STANDARD = "gnu++14";
				CLANG_CXX_LIBRARY = "libc++";
				CLANG_ENABLE_MODULES = YES;
				CLANG_ENABLE_OBJC_ARC = YES;
				CLANG_ENABLE_OBJC_WEAK = YES;
				CLANG_WARN_BLOCK_CAPTURE_AUTORELEASING = YES;
				CLANG_WARN_BOOL_CONVERSION = YES;
				CLANG_WARN_COMMA = YES;
				CLANG_WARN_CONSTANT_CONVERSION = YES;
				CLANG_WARN_DEPRECATED_OBJC_IMPLEMENTATIONS = YES;
				CLANG_WARN_DIRECT_OBJC_ISA_USAGE = YES_ERROR;
				CLANG_WARN_DOCUMENTATION_COMMENTS = YES;
				CLANG_WARN_EMPTY_BODY = YES;
				CLANG_WARN_ENUM_CONVERSION = YES;
				CLANG_WARN_INFINITE_RECURSION = YES;
				CLANG_WARN_INT_CONVERSION = YES;
				CLANG_WARN_NON_LITERAL_NULL_CONVERSION = YES;
				CLANG_WARN_OBJC_IMPLICIT_RETAIN_SELF = YES;
				CLANG_WARN_OBJC_LITERAL_CONVERSION = YES;
				CLANG_WARN_OBJC_ROOT_CLASS = YES_ERROR;
				CLANG_WARN_QUOTED_INCLUDE_IN_FRAMEWORK_HEADER = YES;
				CLANG_WARN_RANGE_LOOP_ANALYSIS = YES;
				CLANG_WARN_STRICT_PROTOTYPES = YES;
				CLANG_WARN_SUSPICIOUS_MOVE = YES;
				CLANG_WARN_UNGUARDED_AVAILABILITY = YES_AGGRESSIVE;
				CLANG_WARN_UNREACHABLE_CODE = YES;
				CLANG_WARN__DUPLICATE_METHOD_MATCH = YES;
				COPY_PHASE_STRIP = NO;
				DEBUG_INFORMATION_FORMAT = "dwarf-with-dsym";
				ENABLE_NS_ASSERTIONS = NO;
				ENABLE_STRICT_OBJC_MSGSEND = YES;
				GCC_C_LANGUAGE_STANDARD = gnu11;
				GCC_NO_COMMON_BLOCKS = YES;
				GCC_WARN_64_TO_32_BIT_CONVERSION = YES;
				GCC_WARN_ABOUT_RETURN_TYPE = YES_ERROR;
				GCC_WARN_UNDECLARED_SELECTOR = YES;
				GCC_WARN_UNINITIALIZED_AUTOS = YES_AGGRESSIVE;
				GCC_WARN_UNUSED_FUNCTION = YES;
				GCC_WARN_UNUSED_VARIABLE = YES;
				IPHONEOS_DEPLOYMENT_TARGET = 14.0;
				MTL_ENABLE_DEBUG_INFO = NO;
				MTL_FAST_MATH = YES;
				SDKROOT = iphoneos;
				SWIFT_COMPILATION_MODE = wholemodule;
				SWIFT_OPTIMIZATION_LEVEL = "-O";
				VALIDATE_PRODUCT = YES;
			};
			name = Release;
		};
		61557DE0253B6E950053FF89 /* Debug */ = {
			isa = XCBuildConfiguration;
			buildSettings = {
				ASSETCATALOG_COMPILER_APPICON_NAME = AppIcon;
				ASSETCATALOG_COMPILER_GLOBAL_ACCENT_COLOR_NAME = AccentColor;
				CODE_SIGN_STYLE = Automatic;
				DEVELOPMENT_ASSET_PATHS = "\"Udder/Preview Content\"";
				DEVELOPMENT_TEAM = S53XB8W835;
				ENABLE_PREVIEWS = YES;
				INFOPLIST_FILE = Udder/Info.plist;
				LD_RUNPATH_SEARCH_PATHS = (
					"$(inherited)",
					"@executable_path/Frameworks",
				);
				PRODUCT_BUNDLE_IDENTIFIER = net.jlsi.Udder;
				PRODUCT_NAME = "$(TARGET_NAME)";
				SWIFT_VERSION = 5.0;
				TARGETED_DEVICE_FAMILY = "1,2";
			};
			name = Debug;
		};
		61557DE1253B6E950053FF89 /* Release */ = {
			isa = XCBuildConfiguration;
			buildSettings = {
				ASSETCATALOG_COMPILER_APPICON_NAME = AppIcon;
				ASSETCATALOG_COMPILER_GLOBAL_ACCENT_COLOR_NAME = AccentColor;
				CODE_SIGN_STYLE = Automatic;
				DEVELOPMENT_ASSET_PATHS = "\"Udder/Preview Content\"";
				DEVELOPMENT_TEAM = S53XB8W835;
				ENABLE_PREVIEWS = YES;
				INFOPLIST_FILE = Udder/Info.plist;
				LD_RUNPATH_SEARCH_PATHS = (
					"$(inherited)",
					"@executable_path/Frameworks",
				);
				PRODUCT_BUNDLE_IDENTIFIER = net.jlsi.Udder;
				PRODUCT_NAME = "$(TARGET_NAME)";
				SWIFT_VERSION = 5.0;
				TARGETED_DEVICE_FAMILY = "1,2";
			};
			name = Release;
		};
		61557DE3253B6E950053FF89 /* Debug */ = {
			isa = XCBuildConfiguration;
			buildSettings = {
				ALWAYS_EMBED_SWIFT_STANDARD_LIBRARIES = YES;
				BUNDLE_LOADER = "$(TEST_HOST)";
				CODE_SIGN_STYLE = Automatic;
				DEVELOPMENT_TEAM = S53XB8W835;
				INFOPLIST_FILE = UdderTests/Info.plist;
				IPHONEOS_DEPLOYMENT_TARGET = 14.0;
				LD_RUNPATH_SEARCH_PATHS = (
					"$(inherited)",
					"@executable_path/Frameworks",
					"@loader_path/Frameworks",
				);
				PRODUCT_BUNDLE_IDENTIFIER = net.jlsi.UdderTests;
				PRODUCT_NAME = "$(TARGET_NAME)";
				SWIFT_VERSION = 5.0;
				TARGETED_DEVICE_FAMILY = "1,2";
				TEST_HOST = "$(BUILT_PRODUCTS_DIR)/Udder.app/Udder";
			};
			name = Debug;
		};
		61557DE4253B6E950053FF89 /* Release */ = {
			isa = XCBuildConfiguration;
			buildSettings = {
				ALWAYS_EMBED_SWIFT_STANDARD_LIBRARIES = YES;
				BUNDLE_LOADER = "$(TEST_HOST)";
				CODE_SIGN_STYLE = Automatic;
				DEVELOPMENT_TEAM = S53XB8W835;
				INFOPLIST_FILE = UdderTests/Info.plist;
				IPHONEOS_DEPLOYMENT_TARGET = 14.0;
				LD_RUNPATH_SEARCH_PATHS = (
					"$(inherited)",
					"@executable_path/Frameworks",
					"@loader_path/Frameworks",
				);
				PRODUCT_BUNDLE_IDENTIFIER = net.jlsi.UdderTests;
				PRODUCT_NAME = "$(TARGET_NAME)";
				SWIFT_VERSION = 5.0;
				TARGETED_DEVICE_FAMILY = "1,2";
				TEST_HOST = "$(BUILT_PRODUCTS_DIR)/Udder.app/Udder";
			};
			name = Release;
		};
		61557DE6253B6E950053FF89 /* Debug */ = {
			isa = XCBuildConfiguration;
			buildSettings = {
				ALWAYS_EMBED_SWIFT_STANDARD_LIBRARIES = YES;
				CODE_SIGN_STYLE = Automatic;
				DEVELOPMENT_TEAM = S53XB8W835;
				INFOPLIST_FILE = UdderUITests/Info.plist;
				LD_RUNPATH_SEARCH_PATHS = (
					"$(inherited)",
					"@executable_path/Frameworks",
					"@loader_path/Frameworks",
				);
				PRODUCT_BUNDLE_IDENTIFIER = net.jlsi.UdderUITests;
				PRODUCT_NAME = "$(TARGET_NAME)";
				SWIFT_VERSION = 5.0;
				TARGETED_DEVICE_FAMILY = "1,2";
				TEST_TARGET_NAME = Udder;
			};
			name = Debug;
		};
		61557DE7253B6E950053FF89 /* Release */ = {
			isa = XCBuildConfiguration;
			buildSettings = {
				ALWAYS_EMBED_SWIFT_STANDARD_LIBRARIES = YES;
				CODE_SIGN_STYLE = Automatic;
				DEVELOPMENT_TEAM = S53XB8W835;
				INFOPLIST_FILE = UdderUITests/Info.plist;
				LD_RUNPATH_SEARCH_PATHS = (
					"$(inherited)",
					"@executable_path/Frameworks",
					"@loader_path/Frameworks",
				);
				PRODUCT_BUNDLE_IDENTIFIER = net.jlsi.UdderUITests;
				PRODUCT_NAME = "$(TARGET_NAME)";
				SWIFT_VERSION = 5.0;
				TARGETED_DEVICE_FAMILY = "1,2";
				TEST_TARGET_NAME = Udder;
			};
			name = Release;
		};
/* End XCBuildConfiguration section */

/* Begin XCConfigurationList section */
		61557DB0253B6E930053FF89 /* Build configuration list for PBXProject "Udder" */ = {
			isa = XCConfigurationList;
			buildConfigurations = (
				61557DDD253B6E950053FF89 /* Debug */,
				61557DDE253B6E950053FF89 /* Release */,
			);
			defaultConfigurationIsVisible = 0;
			defaultConfigurationName = Release;
		};
		61557DDF253B6E950053FF89 /* Build configuration list for PBXNativeTarget "Udder" */ = {
			isa = XCConfigurationList;
			buildConfigurations = (
				61557DE0253B6E950053FF89 /* Debug */,
				61557DE1253B6E950053FF89 /* Release */,
			);
			defaultConfigurationIsVisible = 0;
			defaultConfigurationName = Release;
		};
		61557DE2253B6E950053FF89 /* Build configuration list for PBXNativeTarget "UdderTests" */ = {
			isa = XCConfigurationList;
			buildConfigurations = (
				61557DE3253B6E950053FF89 /* Debug */,
				61557DE4253B6E950053FF89 /* Release */,
			);
			defaultConfigurationIsVisible = 0;
			defaultConfigurationName = Release;
		};
		61557DE5253B6E950053FF89 /* Build configuration list for PBXNativeTarget "UdderUITests" */ = {
			isa = XCConfigurationList;
			buildConfigurations = (
				61557DE6253B6E950053FF89 /* Debug */,
				61557DE7253B6E950053FF89 /* Release */,
			);
			defaultConfigurationIsVisible = 0;
			defaultConfigurationName = Release;
		};
/* End XCConfigurationList section */
	};
	rootObject = 61557DAD253B6E930053FF89 /* Project object */;
}
